
Microsoft Visual Studio Solution File, Format Version 12.00
# Visual Studio Version 17
VisualStudioVersion = 17.5.33530.505
MinimumVisualStudioVersion = 10.0.40219.1
Project("{FAE04EC0-301F-11D3-BF4B-00C04F79EFBC}") = "Prograd Week-4 Assesment", "Prograd Week-4 Assesment.csproj", "{9AC1D371-0E83-49C1-AD35-8699AD65E274}"
EndProject
Global
	GlobalSection(SolutionConfigurationPlatforms) = preSolution
		Debug|Any CPU = Debug|Any CPU
		Release|Any CPU = Release|Any CPU
	EndGlobalSection
	GlobalSection(ProjectConfigurationPlatforms) = postSolution
		{9AC1D371-0E83-49C1-AD35-8699AD65E274}.Debug|Any CPU.ActiveCfg = Debug|Any CPU
		{9AC1D371-0E83-49C1-AD35-8699AD65E274}.Debug|Any CPU.Build.0 = Debug|Any CPU
		{9AC1D371-0E83-49C1-AD35-8699AD65E274}.Release|Any CPU.ActiveCfg = Release|Any CPU
		{9AC1D371-0E83-49C1-AD35-8699AD65E274}.Release|Any CPU.Build.0 = Release|Any CPU
	EndGlobalSection
	GlobalSection(SolutionProperties) = preSolution
		HideSolutionNode = FALSE
	EndGlobalSection
	GlobalSection(ExtensibilityGlobals) = postSolution
		SolutionGuid = {60725FF2-9537-4DE9-AD19-FCC849370A06}
	EndGlobalSection
EndGlobal
